
Microsoft Visual Studio Solution File, Format Version 12.00
# Visual Studio 14
VisualStudioVersion = 14.0.25420.1
MinimumVisualStudioVersion = 10.0.40219.1
Project("{00D1A9C2-B5F0-4AF3-8072-F6C62B433612}") = "FingerPrintSystem", "FingerPrintSystem\FingerPrintSystem.sqlproj", "{7D0BB377-5C4A-4422-9794-6316AF292EDF}"
EndProject
Project("{FAE04EC0-301F-11D3-BF4B-00C04F79EFBC}") = "WindowsFormsApplication1", "WindowsFormsApplication1\WindowsFormsApplication1.csproj", "{FF4136B4-4417-4476-94FE-475969629BB8}"
EndProject
Global
	GlobalSection(SolutionConfigurationPlatforms) = preSolution
		Debug|Any CPU = Debug|Any CPU
		Release|Any CPU = Release|Any CPU
	EndGlobalSection
	GlobalSection(ProjectConfigurationPlatforms) = postSolution
		{7D0BB377-5C4A-4422-9794-6316AF292EDF}.Debug|Any CPU.ActiveCfg = Debug|Any CPU
		{7D0BB377-5C4A-4422-9794-6316AF292EDF}.Debug|Any CPU.Build.0 = Debug|Any CPU
		{7D0BB377-5C4A-4422-9794-6316AF292EDF}.Debug|Any CPU.Deploy.0 = Debug|Any CPU
		{7D0BB377-5C4A-4422-9794-6316AF292EDF}.Release|Any CPU.ActiveCfg = Release|Any CPU
		{7D0BB377-5C4A-4422-9794-6316AF292EDF}.Release|Any CPU.Build.0 = Release|Any CPU
		{7D0BB377-5C4A-4422-9794-6316AF292EDF}.Release|Any CPU.Deploy.0 = Release|Any CPU
		{FF4136B4-4417-4476-94FE-475969629BB8}.Debug|Any CPU.ActiveCfg = Debug|Any CPU
		{FF4136B4-4417-4476-94FE-475969629BB8}.Debug|Any CPU.Build.0 = Debug|Any CPU
		{FF4136B4-4417-4476-94FE-475969629BB8}.Release|Any CPU.ActiveCfg = Release|Any CPU
		{FF4136B4-4417-4476-94FE-475969629BB8}.Release|Any CPU.Build.0 = Release|Any CPU
	EndGlobalSection
	GlobalSection(SolutionProperties) = preSolution
		HideSolutionNode = FALSE
	EndGlobalSection
EndGlobal
