
Microsoft Visual Studio Solution File, Format Version 12.00
# Visual Studio 14
VisualStudioVersion = 14.0.25420.1
MinimumVisualStudioVersion = 10.0.40219.1
Project("{00D1A9C2-B5F0-4AF3-8072-F6C62B433612}") = "FingerPrintSystemProject", "FingerPrintSystemProject\FingerPrintSystemProject.sqlproj", "{D2937D39-A0FB-4988-9E28-0475A9D1334D}"
EndProject
Project("{FAE04EC0-301F-11D3-BF4B-00C04F79EFBC}") = "Forms_FingerPrint", "Forms_FingerPrint\Forms_FingerPrint.csproj", "{693AE781-F964-4B82-93DE-13DA36CAA207}"
EndProject
Global
	GlobalSection(SolutionConfigurationPlatforms) = preSolution
		Debug|Any CPU = Debug|Any CPU
		Release|Any CPU = Release|Any CPU
	EndGlobalSection
	GlobalSection(ProjectConfigurationPlatforms) = postSolution
		{D2937D39-A0FB-4988-9E28-0475A9D1334D}.Debug|Any CPU.ActiveCfg = Debug|Any CPU
		{D2937D39-A0FB-4988-9E28-0475A9D1334D}.Debug|Any CPU.Build.0 = Debug|Any CPU
		{D2937D39-A0FB-4988-9E28-0475A9D1334D}.Debug|Any CPU.Deploy.0 = Debug|Any CPU
		{D2937D39-A0FB-4988-9E28-0475A9D1334D}.Release|Any CPU.ActiveCfg = Release|Any CPU
		{D2937D39-A0FB-4988-9E28-0475A9D1334D}.Release|Any CPU.Build.0 = Release|Any CPU
		{D2937D39-A0FB-4988-9E28-0475A9D1334D}.Release|Any CPU.Deploy.0 = Release|Any CPU
		{693AE781-F964-4B82-93DE-13DA36CAA207}.Debug|Any CPU.ActiveCfg = Debug|Any CPU
		{693AE781-F964-4B82-93DE-13DA36CAA207}.Debug|Any CPU.Build.0 = Debug|Any CPU
		{693AE781-F964-4B82-93DE-13DA36CAA207}.Release|Any CPU.ActiveCfg = Release|Any CPU
		{693AE781-F964-4B82-93DE-13DA36CAA207}.Release|Any CPU.Build.0 = Release|Any CPU
	EndGlobalSection
	GlobalSection(SolutionProperties) = preSolution
		HideSolutionNode = FALSE
	EndGlobalSection
EndGlobal
